name: Temporary lock regeneration

on:
  pull_request:
    branches:
      - main

permissions:
  contents: write

jobs:
  lock:
    if: github.event.pull_request.head.repo.full_name == github.repository
    runs-on: ubuntu-latest
    steps:
      - uses: actions/checkout@v4
        with:
          ref: ${{ github.head_ref }}
          fetch-depth: 0
      - uses: astral-sh/setup-uv@v6
        with:
          python-version: "3.13"
      - name: Regenerate uv.lock
        run: uv lock
      - name: Commit updated uv.lock
        run: |
          if git diff --quiet -- uv.lock; then
            echo "uv.lock is already current."
            exit 0
          fi
          git config user.name "github-actions[bot]"
          git config user.email "41898282+github-actions[bot]@users.noreply.github.com"
          git add uv.lock
          git commit -m "Update uv lock for Windows cuDNN"
          git pull --rebase origin "${GITHUB_HEAD_REF}"
          git push origin "HEAD:${GITHUB_HEAD_REF}"
